
Microsoft Visual Studio Solution File, Format Version 12.00
# Visual Studio Version 17
VisualStudioVersion = 17.8.34330.188
MinimumVisualStudioVersion = 10.0.40219.1
Project("{FAE04EC0-301F-11D3-BF4B-00C04F79EFBC}") = "Portafolio", "Portafolio\Portafolio.csproj", "{45A9FB9B-B5D4-4A87-82CB-E2A0CD4203EE}"
EndProject
Global
	GlobalSection(SolutionConfigurationPlatforms) = preSolution
		Debug|Any CPU = Debug|Any CPU
		Release|Any CPU = Release|Any CPU
	EndGlobalSection
	GlobalSection(ProjectConfigurationPlatforms) = postSolution
		{45A9FB9B-B5D4-4A87-82CB-E2A0CD4203EE}.Debug|Any CPU.ActiveCfg = Debug|Any CPU
		{45A9FB9B-B5D4-4A87-82CB-E2A0CD4203EE}.Debug|Any CPU.Build.0 = Debug|Any CPU
		{45A9FB9B-B5D4-4A87-82CB-E2A0CD4203EE}.Release|Any CPU.ActiveCfg = Release|Any CPU
		{45A9FB9B-B5D4-4A87-82CB-E2A0CD4203EE}.Release|Any CPU.Build.0 = Release|Any CPU
	EndGlobalSection
	GlobalSection(SolutionProperties) = preSolution
		HideSolutionNode = FALSE
	EndGlobalSection
	GlobalSection(ExtensibilityGlobals) = postSolution
		SolutionGuid = {28B43DD8-8F4E-476E-A0B1-9437B3D74254}
	EndGlobalSection
EndGlobal
